{
  "version": 4,
  "terraform_version": "1.8.3",
  "serial": 4,
  "lineage": "902f4022-e612-ec27-391c-e90cbb561ea6",
  "outputs": {},
  "resources": [
    {
      "mode": "managed",
      "type": "aws_instance",
      "name": "app_server",
      "provider": "provider[\"registry.terraform.io/hashicorp/aws\"]",
      "instances": [
        {
          "schema_version": 1,
          "attributes": {
            "ami": "ami-087da76081e7685da",
            "arn": "arn:aws:ec2:eu-west-3:471112671108:instance/i-048947b0b148bb218",
            "associate_public_ip_address": true,
            "availability_zone": "eu-west-3c",
            "capacity_reservation_specification": [
              {
                "capacity_reservation_preference": "open",
                "capacity_reservation_target": []
              }
            ],
            "cpu_core_count": 1,
            "cpu_options": [
              {
                "amd_sev_snp": "",
                "core_count": 1,
                "threads_per_core": 1
              }
            ],
            "cpu_threads_per_core": 1,
            "credit_specification": [
              {
                "cpu_credits": "standard"
              }
            ],
            "disable_api_stop": false,
            "disable_api_termination": false,
            "ebs_block_device": [],
            "ebs_optimized": false,
            "enclave_options": [
              {
                "enabled": false
              }
            ],
            "ephemeral_block_device": [],
            "get_password_data": false,
            "hibernation": false,
            "host_id": "",
            "host_resource_group_arn": null,
            "iam_instance_profile": "",
            "id": "i-048947b0b148bb218",
            "instance_initiated_shutdown_behavior": "stop",
            "instance_state": "running",
            "instance_type": "t2.micro",
            "ipv6_address_count": 0,
            "ipv6_addresses": [],
            "key_name": "monitoring-key",
            "launch_template": [],
            "maintenance_options": [
              {
                "auto_recovery": "default"
              }
            ],
            "metadata_options": [
              {
                "http_endpoint": "enabled",
                "http_put_response_hop_limit": 1,
                "http_tokens": "optional",
                "instance_metadata_tags": "disabled"
              }
            ],
            "monitoring": false,
            "network_interface": [],
            "outpost_arn": "",
            "password_data": "",
            "placement_group": "",
            "placement_partition_number": 0,
            "primary_network_interface_id": "eni-02f2d3876afbb7a68",
            "private_dns": "ip-172-31-43-158.eu-west-3.compute.internal",
            "private_dns_name_options": [
              {
                "enable_resource_name_dns_a_record": false,
                "enable_resource_name_dns_aaaa_record": false,
                "hostname_type": "ip-name"
              }
            ],
            "private_ip": "172.31.43.158",
            "public_dns": "ec2-13-38-8-121.eu-west-3.compute.amazonaws.com",
            "public_ip": "13.38.8.121",
            "root_block_device": [
              {
                "delete_on_termination": true,
                "device_name": "/dev/xvda",
                "encrypted": false,
                "iops": 3000,
                "kms_key_id": "",
                "tags": {},
                "throughput": 125,
                "volume_id": "vol-0eb97d82878c32bf6",
                "volume_size": 8,
                "volume_type": "gp3"
              }
            ],
            "secondary_private_ips": [],
            "security_groups": [
              "terraform-example"
            ],
            "source_dest_check": true,
            "subnet_id": "subnet-0b8b5331b2e884795",
            "tags": {
              "Name": "monitoring-final-project"
            },
            "tags_all": {
              "Name": "monitoring-final-project"
            },
            "tenancy": "default",
            "timeouts": null,
            "user_data": null,
            "user_data_base64": null,
            "user_data_replace_on_change": false,
            "volume_tags": null,
            "vpc_security_group_ids": [
              "sg-09050d88789b18553"
            ]
          },
          "sensitive_attributes": [],
          "private": "eyJlMmJmYjczMC1lY2FhLTExZTYtOGY4OC0zNDM2M2JjN2M0YzAiOnsiY3JlYXRlIjo2MDAwMDAwMDAwMDAsImRlbGV0ZSI6MTIwMDAwMDAwMDAwMCwidXBkYXRlIjo2MDAwMDAwMDAwMDB9LCJzY2hlbWFfdmVyc2lvbiI6IjEifQ==",
          "dependencies": [
            "aws_key_pair.monitoring-key",
            "aws_security_group.default"
          ]
        }
      ]
    },
    {
      "mode": "managed",
      "type": "aws_key_pair",
      "name": "monitoring-key",
      "provider": "provider[\"registry.terraform.io/hashicorp/aws\"]",
      "instances": [
        {
          "schema_version": 1,
          "attributes": {
            "arn": "arn:aws:ec2:eu-west-3:471112671108:key-pair/monitoring-key",
            "fingerprint": "d9:d9:70:e0:ce:d3:52:ff:82:cf:38:e3:d0:79:ee:80",
            "id": "monitoring-key",
            "key_name": "monitoring-key",
            "key_name_prefix": "",
            "key_pair_id": "key-02aa2f1049b18cc2e",
            "key_type": "rsa",
            "public_key": "ssh-rsa AAAAB3NzaC1yc2EAAAADAQABAAACAQDDofEqOxqnWtZSWMHRdeY/qwuKR4KoYXDcyEIemZ6bNf5BuvqNoKopQsC9a39bKkq0EZwgOPs8Y2gv1FN+PeBuyE9O10jUNoHCfe2q0+g9eQLFzd/Rnj3Pr3s+Ca96HyJuH1uHXl/1bfAyv7uaWMFokk6+Ote8p5YIXkH24ry8/OMkejC5GuzXqQ80wFGzuLdRttvyo0JK4QvajfN+rLIXeNV+tF0aOJIBdgBgHDnu0snSLWVECVb55T9ncvs/ZsC4YPNmVgHFoDO0/MhWv7yMFPG2mXD768pMSu0StVGvwJq35hsx/66ccqdtIo1RLZ+ylyf704AIViBA5iuKyetHR0QmoYrpmQObJgOfmKixxTk69uP50S8EksZ3YqrzU5WVGT+DD8A5Q+GSlvArEpkA5E/b5oC6k+bOFdZ5NFeufOCtE2NpE+4sia0V7vLcI67hWh/7+MfjIuT0zDPthDfMwlzSsUEwHm+KnszFIzrp8elivBvUybnDWSiorINLUDE1qUv3dlp6/3UffMXaLtlOu3Ucw0OqXJkGsg6VmN+/vG/ybC1yugQ5lMIGTFo9rZHcQJrQ08QGmTBqYG6KhfigsrmtK9zFr52WESLFx3hMykuwkM4V1oUL2K3HB3Q2ZvlE3MTfsPK0w6o1oR6WnU33FhZXwmpvLUyiqmMuPSt9Pw== bastien@bastien-GL63-8RD",
            "tags": null,
            "tags_all": {}
          },
          "sensitive_attributes": [],
          "private": "eyJzY2hlbWFfdmVyc2lvbiI6IjEifQ=="
        }
      ]
    },
    {
      "mode": "managed",
      "type": "aws_security_group",
      "name": "default",
      "provider": "provider[\"registry.terraform.io/hashicorp/aws\"]",
      "instances": [
        {
          "schema_version": 1,
          "attributes": {
            "arn": "arn:aws:ec2:eu-west-3:471112671108:security-group/sg-09050d88789b18553",
            "description": "Used in the terraform",
            "egress": [
              {
                "cidr_blocks": [
                  "0.0.0.0/0"
                ],
                "description": "",
                "from_port": 0,
                "ipv6_cidr_blocks": [],
                "prefix_list_ids": [],
                "protocol": "-1",
                "security_groups": [],
                "self": false,
                "to_port": 0
              }
            ],
            "id": "sg-09050d88789b18553",
            "ingress": [
              {
                "cidr_blocks": [
                  "0.0.0.0/0"
                ],
                "description": "",
                "from_port": 443,
                "ipv6_cidr_blocks": [],
                "prefix_list_ids": [],
                "protocol": "tcp",
                "security_groups": [],
                "self": false,
                "to_port": 443
              },
              {
                "cidr_blocks": [
                  "0.0.0.0/0"
                ],
                "description": "",
                "from_port": 80,
                "ipv6_cidr_blocks": [],
                "prefix_list_ids": [],
                "protocol": "tcp",
                "security_groups": [],
                "self": false,
                "to_port": 80
              },
              {
                "cidr_blocks": [
                  "82.66.82.21/32"
                ],
                "description": "",
                "from_port": 22,
                "ipv6_cidr_blocks": [],
                "prefix_list_ids": [],
                "protocol": "tcp",
                "security_groups": [],
                "self": false,
                "to_port": 22
              }
            ],
            "name": "terraform-example",
            "name_prefix": "",
            "owner_id": "471112671108",
            "revoke_rules_on_delete": false,
            "tags": null,
            "tags_all": {},
            "timeouts": null,
            "vpc_id": "vpc-0c1b7e8168449f3c3"
          },
          "sensitive_attributes": [],
          "private": "eyJlMmJmYjczMC1lY2FhLTExZTYtOGY4OC0zNDM2M2JjN2M0YzAiOnsiY3JlYXRlIjo2MDAwMDAwMDAwMDAsImRlbGV0ZSI6OTAwMDAwMDAwMDAwfSwic2NoZW1hX3ZlcnNpb24iOiIxIn0="
        }
      ]
    }
  ],
  "check_results": null
}
